
Microsoft Visual Studio Solution File, Format Version 12.00
# Visual Studio 15
VisualStudioVersion = 15.0.26430.6
MinimumVisualStudioVersion = 10.0.40219.1
Project("{FAE04EC0-301F-11D3-BF4B-00C04F79EFBC}") = "DroneLander.Android", "DroneLander\DroneLander.Android\DroneLander.Android.csproj", "{057FA30B-4A17-4EC6-9719-5C6615D4657C}"
EndProject
Project("{FAE04EC0-301F-11D3-BF4B-00C04F79EFBC}") = "DroneLander", "DroneLander\DroneLander\DroneLander.csproj", "{DC7982D5-34CC-471B-826B-26B366F83879}"
EndProject
Project("{FAE04EC0-301F-11D3-BF4B-00C04F79EFBC}") = "DroneLander.iOS", "DroneLander\DroneLander.iOS\DroneLander.iOS.csproj", "{4FD47750-907B-462F-A0E7-564FCE018B8F}"
EndProject
Global
	GlobalSection(SolutionConfigurationPlatforms) = preSolution
		Ad-Hoc|Any CPU = Ad-Hoc|Any CPU
		Ad-Hoc|iPhone = Ad-Hoc|iPhone
		Ad-Hoc|iPhoneSimulator = Ad-Hoc|iPhoneSimulator
		AppStore|Any CPU = AppStore|Any CPU
		AppStore|iPhone = AppStore|iPhone
		AppStore|iPhoneSimulator = AppStore|iPhoneSimulator
		Debug|Any CPU = Debug|Any CPU
		Debug|iPhone = Debug|iPhone
		Debug|iPhoneSimulator = Debug|iPhoneSimulator
		Release|Any CPU = Release|Any CPU
		Release|iPhone = Release|iPhone
		Release|iPhoneSimulator = Release|iPhoneSimulator
	EndGlobalSection
	GlobalSection(ProjectConfigurationPlatforms) = postSolution
		{057FA30B-4A17-4EC6-9719-5C6615D4657C}.Ad-Hoc|Any CPU.ActiveCfg = Release|Any CPU
		{057FA30B-4A17-4EC6-9719-5C6615D4657C}.Ad-Hoc|Any CPU.Build.0 = Release|Any CPU
		{057FA30B-4A17-4EC6-9719-5C6615D4657C}.Ad-Hoc|Any CPU.Deploy.0 = Release|Any CPU
		{057FA30B-4A17-4EC6-9719-5C6615D4657C}.Ad-Hoc|iPhone.ActiveCfg = Release|Any CPU
		{057FA30B-4A17-4EC6-9719-5C6615D4657C}.Ad-Hoc|iPhone.Build.0 = Release|Any CPU
		{057FA30B-4A17-4EC6-9719-5C6615D4657C}.Ad-Hoc|iPhone.Deploy.0 = Release|Any CPU
		{057FA30B-4A17-4EC6-9719-5C6615D4657C}.Ad-Hoc|iPhoneSimulator.ActiveCfg = Release|Any CPU
		{057FA30B-4A17-4EC6-9719-5C6615D4657C}.Ad-Hoc|iPhoneSimulator.Build.0 = Release|Any CPU
		{057FA30B-4A17-4EC6-9719-5C6615D4657C}.Ad-Hoc|iPhoneSimulator.Deploy.0 = Release|Any CPU
		{057FA30B-4A17-4EC6-9719-5C6615D4657C}.AppStore|Any CPU.ActiveCfg = Release|Any CPU
		{057FA30B-4A17-4EC6-9719-5C6615D4657C}.AppStore|Any CPU.Build.0 = Release|Any CPU
		{057FA30B-4A17-4EC6-9719-5C6615D4657C}.AppStore|Any CPU.Deploy.0 = Release|Any CPU
		{057FA30B-4A17-4EC6-9719-5C6615D4657C}.AppStore|iPhone.ActiveCfg = Release|Any CPU
		{057FA30B-4A17-4EC6-9719-5C6615D4657C}.AppStore|iPhone.Build.0 = Release|Any CPU
		{057FA30B-4A17-4EC6-9719-5C6615D4657C}.AppStore|iPhone.Deploy.0 = Release|Any CPU
		{057FA30B-4A17-4EC6-9719-5C6615D4657C}.AppStore|iPhoneSimulator.ActiveCfg = Release|Any CPU
		{057FA30B-4A17-4EC6-9719-5C6615D4657C}.AppStore|iPhoneSimulator.Build.0 = Release|Any CPU
		{057FA30B-4A17-4EC6-9719-5C6615D4657C}.AppStore|iPhoneSimulator.Deploy.0 = Release|Any CPU
		{057FA30B-4A17-4EC6-9719-5C6615D4657C}.Debug|Any CPU.ActiveCfg = Debug|Any CPU
		{057FA30B-4A17-4EC6-9719-5C6615D4657C}.Debug|Any CPU.Build.0 = Debug|Any CPU
		{057FA30B-4A17-4EC6-9719-5C6615D4657C}.Debug|Any CPU.Deploy.0 = Debug|Any CPU
		{057FA30B-4A17-4EC6-9719-5C6615D4657C}.Debug|iPhone.ActiveCfg = Debug|Any CPU
		{057FA30B-4A17-4EC6-9719-5C6615D4657C}.Debug|iPhone.Build.0 = Debug|Any CPU
		{057FA30B-4A17-4EC6-9719-5C6615D4657C}.Debug|iPhone.Deploy.0 = Debug|Any CPU
		{057FA30B-4A17-4EC6-9719-5C6615D4657C}.Debug|iPhoneSimulator.ActiveCfg = Debug|Any CPU
		{057FA30B-4A17-4EC6-9719-5C6615D4657C}.Debug|iPhoneSimulator.Build.0 = Debug|Any CPU
		{057FA30B-4A17-4EC6-9719-5C6615D4657C}.Debug|iPhoneSimulator.Deploy.0 = Debug|Any CPU
		{057FA30B-4A17-4EC6-9719-5C6615D4657C}.Release|Any CPU.ActiveCfg = Release|Any CPU
		{057FA30B-4A17-4EC6-9719-5C6615D4657C}.Release|Any CPU.Build.0 = Release|Any CPU
		{057FA30B-4A17-4EC6-9719-5C6615D4657C}.Release|Any CPU.Deploy.0 = Release|Any CPU
		{057FA30B-4A17-4EC6-9719-5C6615D4657C}.Release|iPhone.ActiveCfg = Release|Any CPU
		{057FA30B-4A17-4EC6-9719-5C6615D4657C}.Release|iPhone.Build.0 = Release|Any CPU
		{057FA30B-4A17-4EC6-9719-5C6615D4657C}.Release|iPhone.Deploy.0 = Release|Any CPU
		{057FA30B-4A17-4EC6-9719-5C6615D4657C}.Release|iPhoneSimulator.ActiveCfg = Release|Any CPU
		{057FA30B-4A17-4EC6-9719-5C6615D4657C}.Release|iPhoneSimulator.Build.0 = Release|Any CPU
		{057FA30B-4A17-4EC6-9719-5C6615D4657C}.Release|iPhoneSimulator.Deploy.0 = Release|Any CPU
		{DC7982D5-34CC-471B-826B-26B366F83879}.Ad-Hoc|Any CPU.ActiveCfg = Release|Any CPU
		{DC7982D5-34CC-471B-826B-26B366F83879}.Ad-Hoc|Any CPU.Build.0 = Release|Any CPU
		{DC7982D5-34CC-471B-826B-26B366F83879}.Ad-Hoc|iPhone.ActiveCfg = Release|Any CPU
		{DC7982D5-34CC-471B-826B-26B366F83879}.Ad-Hoc|iPhone.Build.0 = Release|Any CPU
		{DC7982D5-34CC-471B-826B-26B366F83879}.Ad-Hoc|iPhoneSimulator.ActiveCfg = Release|Any CPU
		{DC7982D5-34CC-471B-826B-26B366F83879}.Ad-Hoc|iPhoneSimulator.Build.0 = Release|Any CPU
		{DC7982D5-34CC-471B-826B-26B366F83879}.AppStore|Any CPU.ActiveCfg = Release|Any CPU
		{DC7982D5-34CC-471B-826B-26B366F83879}.AppStore|Any CPU.Build.0 = Release|Any CPU
		{DC7982D5-34CC-471B-826B-26B366F83879}.AppStore|iPhone.ActiveCfg = Release|Any CPU
		{DC7982D5-34CC-471B-826B-26B366F83879}.AppStore|iPhone.Build.0 = Release|Any CPU
		{DC7982D5-34CC-471B-826B-26B366F83879}.AppStore|iPhoneSimulator.ActiveCfg = Release|Any CPU
		{DC7982D5-34CC-471B-826B-26B366F83879}.AppStore|iPhoneSimulator.Build.0 = Release|Any CPU
		{DC7982D5-34CC-471B-826B-26B366F83879}.Debug|Any CPU.ActiveCfg = Debug|Any CPU
		{DC7982D5-34CC-471B-826B-26B366F83879}.Debug|Any CPU.Build.0 = Debug|Any CPU
		{DC7982D5-34CC-471B-826B-26B366F83879}.Debug|iPhone.ActiveCfg = Debug|Any CPU
		{DC7982D5-34CC-471B-826B-26B366F83879}.Debug|iPhone.Build.0 = Debug|Any CPU
		{DC7982D5-34CC-471B-826B-26B366F83879}.Debug|iPhoneSimulator.ActiveCfg = Debug|Any CPU
		{DC7982D5-34CC-471B-826B-26B366F83879}.Debug|iPhoneSimulator.Build.0 = Debug|Any CPU
		{DC7982D5-34CC-471B-826B-26B366F83879}.Release|Any CPU.ActiveCfg = Release|Any CPU
		{DC7982D5-34CC-471B-826B-26B366F83879}.Release|Any CPU.Build.0 = Release|Any CPU
		{DC7982D5-34CC-471B-826B-26B366F83879}.Release|iPhone.ActiveCfg = Release|Any CPU
		{DC7982D5-34CC-471B-826B-26B366F83879}.Release|iPhone.Build.0 = Release|Any CPU
		{DC7982D5-34CC-471B-826B-26B366F83879}.Release|iPhoneSimulator.ActiveCfg = Release|Any CPU
		{DC7982D5-34CC-471B-826B-26B366F83879}.Release|iPhoneSimulator.Build.0 = Release|Any CPU
		{4FD47750-907B-462F-A0E7-564FCE018B8F}.Ad-Hoc|Any CPU.ActiveCfg = Ad-Hoc|iPhone
		{4FD47750-907B-462F-A0E7-564FCE018B8F}.Ad-Hoc|iPhone.ActiveCfg = Ad-Hoc|iPhone
		{4FD47750-907B-462F-A0E7-564FCE018B8F}.Ad-Hoc|iPhone.Build.0 = Ad-Hoc|iPhone
		{4FD47750-907B-462F-A0E7-564FCE018B8F}.Ad-Hoc|iPhoneSimulator.ActiveCfg = Ad-Hoc|iPhoneSimulator
		{4FD47750-907B-462F-A0E7-564FCE018B8F}.Ad-Hoc|iPhoneSimulator.Build.0 = Ad-Hoc|iPhoneSimulator
		{4FD47750-907B-462F-A0E7-564FCE018B8F}.AppStore|Any CPU.ActiveCfg = AppStore|iPhone
		{4FD47750-907B-462F-A0E7-564FCE018B8F}.AppStore|iPhone.ActiveCfg = AppStore|iPhone
		{4FD47750-907B-462F-A0E7-564FCE018B8F}.AppStore|iPhone.Build.0 = AppStore|iPhone
		{4FD47750-907B-462F-A0E7-564FCE018B8F}.AppStore|iPhoneSimulator.ActiveCfg = AppStore|iPhoneSimulator
		{4FD47750-907B-462F-A0E7-564FCE018B8F}.AppStore|iPhoneSimulator.Build.0 = AppStore|iPhoneSimulator
		{4FD47750-907B-462F-A0E7-564FCE018B8F}.Debug|Any CPU.ActiveCfg = Debug|iPhone
		{4FD47750-907B-462F-A0E7-564FCE018B8F}.Debug|iPhone.ActiveCfg = Debug|iPhone
		{4FD47750-907B-462F-A0E7-564FCE018B8F}.Debug|iPhone.Build.0 = Debug|iPhone
		{4FD47750-907B-462F-A0E7-564FCE018B8F}.Debug|iPhoneSimulator.ActiveCfg = Debug|iPhoneSimulator
		{4FD47750-907B-462F-A0E7-564FCE018B8F}.Debug|iPhoneSimulator.Build.0 = Debug|iPhoneSimulator
		{4FD47750-907B-462F-A0E7-564FCE018B8F}.Release|Any CPU.ActiveCfg = Release|iPhone
		{4FD47750-907B-462F-A0E7-564FCE018B8F}.Release|iPhone.ActiveCfg = Release|iPhone
		{4FD47750-907B-462F-A0E7-564FCE018B8F}.Release|iPhone.Build.0 = Release|iPhone
		{4FD47750-907B-462F-A0E7-564FCE018B8F}.Release|iPhoneSimulator.ActiveCfg = Release|iPhoneSimulator
		{4FD47750-907B-462F-A0E7-564FCE018B8F}.Release|iPhoneSimulator.Build.0 = Release|iPhoneSimulator
	EndGlobalSection
	GlobalSection(SolutionProperties) = preSolution
		HideSolutionNode = FALSE
	EndGlobalSection
EndGlobal
